# THIS IS AN AUTOGENERATED FILE. DO NOT EDIT THIS FILE DIRECTLY.
# yarn lockfile v1


fetch-ponyfill@^6.0.2:
  version "6.0.2"
  resolved "https://registry.yarnpkg.com/fetch-ponyfill/-/fetch-ponyfill-6.0.2.tgz#bc2d92afd0140e39518beccd2fd0682ab4491cb6"
  integrity sha512-hBWVb6Z0chjr9r0g4N5uknldAnyFstWTnX6oFxMsL9ZlSL7fa66Keis3y4SCMgpTggY4GeGbB4z3z5g5SmrgkQ==
  dependencies:
    node-fetch "~2.1.0"

node-fetch@~2.1.0:
  version "2.1.2"
  resolved "https://registry.yarnpkg.com/node-fetch/-/node-fetch-2.1.2.tgz#ab884e8e7e57e38a944753cec706f788d1768bb5"
  integrity sha1-q4hOjn5X44qUR1POxwb3iNF2i7U=

unfetch@^4.0.1:
  version "4.0.1"
  resolved "https://registry.yarnpkg.com/unfetch/-/unfetch-4.0.1.tgz#8750c4c7497ade75d40387d7dbc4ba024416b8f6"
  integrity sha512-HzDM9NgldcRvHVDb/O9vKoUszVij30Yw5ePjOZJig8nF/YisG7QN/9CBXZ8dsHLouXMeLZ82r+Jod9M2wFkEbQ==
